{
    "_readme": [
        "This file locks the dependencies of your project to a known state",
        "Read more about it at http://getcomposer.org/doc/01-basic-usage.md#composer-lock-the-lock-file",
        "This file is @generated automatically"
    ],
    "hash": "fc5aa3daa3fcbaa48d0cd9a759aff589",
    "packages": [
        {
            "name": "contao-community-alliance/composer-plugin",
            "version": "2.1",
            "source": {
                "type": "git",
                "url": "https://github.com/contao-community-alliance/composer-plugin.git",
                "reference": "2117c535f53f00f7250f8d926274fe7c31f2c7b5"
            },
            "dist": {
                "type": "zip",
                "url": "https://api.github.com/repos/contao-community-alliance/composer-plugin/zipball/2117c535f53f00f7250f8d926274fe7c31f2c7b5",
                "reference": "2117c535f53f00f7250f8d926274fe7c31f2c7b5",
                "shasum": ""
            },
            "require": {
                "composer-plugin-api": "1.0.0"
            },
            "conflict": {
                "contao-community-alliance/composer": "<0.9-dev",
                "contao/core": "3.0.*"
            },
            "replace": {
                "contao-community-alliance/composer-installer": "1.7.1"
            },
            "require-dev": {
                "bit3/php-coding-standard": "*",
                "composer/composer": "dev-master",
                "pdepend/pdepend": "1.1.*",
                "phpunit/phpunit": ">=3.7.10,<4-dev"
            },
            "type": "composer-plugin",
            "extra": {
                "class": "ContaoCommunityAlliance\\Composer\\Plugin\\Plugin",
                "branch-alias": {
                    "dev-develop": "2.0.x-dev"
                }
            },
            "autoload": {
                "psr-0": {
                    "ContaoCommunityAlliance\\Composer\\Plugin": "src/"
                }
            },
            "notification-url": "https://packagist.org/downloads/",
            "license": [
                "LGPL-3.0+"
            ],
            "description": "Composer plugin that provide contao integration and installer.",
            "homepage": "http://c-c-a.org/",
            "time": "2014-06-01 10:58:28"
        },
        {
            "name": "contao/contao-library",
            "version": "dev-develop",
            "source": {
                "type": "git",
                "url": "https://github.com/contao/contao-library.git",
                "reference": "62012a4f6dcdf3f1aa18159f73f97b34fd243dbc"
            },
            "dist": {
                "type": "zip",
                "url": "https://api.github.com/repos/contao/contao-library/zipball/62012a4f6dcdf3f1aa18159f73f97b34fd243dbc",
                "reference": "62012a4f6dcdf3f1aa18159f73f97b34fd243dbc",
                "shasum": ""
            },
            "type": "library",
            "autoload": {
                "psr-4": {
                    "Contao\\": "src/"
                }
            },
            "notification-url": "https://packagist.org/downloads/",
            "license": [
                "LGPL-3.0+"
            ],
            "authors": [
                {
                    "name": "Leo Feyer",
                    "homepage": "https://github.com/leofeyer"
                }
            ],
            "description": "Contao 4 library",
            "time": "2014-06-14 17:53:56"
        },
        {
            "name": "contao/idna",
            "version": "dev-master",
            "source": {
                "type": "git",
                "url": "https://github.com/contao/idna.git",
                "reference": "176e7549aeac534f3be8dfbf8a543fd9c54b431c"
            },
            "dist": {
                "type": "zip",
                "url": "https://api.github.com/repos/contao/idna/zipball/176e7549aeac534f3be8dfbf8a543fd9c54b431c",
                "reference": "176e7549aeac534f3be8dfbf8a543fd9c54b431c",
                "shasum": ""
            },
            "type": "library",
            "autoload": {
                "classmap": [
                    "idna_convert.class.php",
                    "uctc.php"
                ]
            },
            "notification-url": "https://packagist.org/downloads/",
            "license": [
                "LGPL-2.1+"
            ],
            "authors": [
                {
                    "name": "Leo Feyer",
                    "homepage": "https://github.com/leofeyer"
                }
            ],
            "description": "A library for encoding and decoding internationalized domain names.",
            "time": "2014-05-17 19:04:55"
        },
        {
            "name": "contao/module-calendar",
            "version": "dev-develop",
            "source": {
                "type": "git",
                "url": "https://github.com/contao/module-calendar.git",
                "reference": "6e4daad14c64094f25dbb587e4e1c65f38ac3e37"
            },
            "dist": {
                "type": "zip",
                "url": "https://api.github.com/repos/contao/module-calendar/zipball/6e4daad14c64094f25dbb587e4e1c65f38ac3e37",
                "reference": "6e4daad14c64094f25dbb587e4e1c65f38ac3e37",
                "shasum": ""
            },
            "require": {
                "contao-community-alliance/composer-plugin": "~2.0",
                "php": ">=5.4.0"
            },
            "type": "contao-module",
            "extra": {
                "contao": {
                    "sources": {
                        "src": "system/modules/calendar"
                    }
                }
            },
            "autoload": {
                "classmap": [
                    "src/classes/",
                    "src/models/",
                    "src/modules/"
                ]
            },
            "notification-url": "https://packagist.org/downloads/",
            "license": [
                "LGPL-3.0+"
            ],
            "authors": [
                {
                    "name": "Leo Feyer",
                    "homepage": "https://github.com/leofeyer"
                }
            ],
            "description": "Contao 4 calendar module",
            "time": "2014-06-14 17:28:12"
        },
        {
            "name": "contao/module-comments",
            "version": "dev-develop",
            "source": {
                "type": "git",
                "url": "https://github.com/contao/module-comments.git",
                "reference": "50fea9bebb07e8c8c1b1d06ee28f1e0bcb636a27"
            },
            "dist": {
                "type": "zip",
                "url": "https://api.github.com/repos/contao/module-comments/zipball/50fea9bebb07e8c8c1b1d06ee28f1e0bcb636a27",
                "reference": "50fea9bebb07e8c8c1b1d06ee28f1e0bcb636a27",
                "shasum": ""
            },
            "require": {
                "contao-community-alliance/composer-plugin": "~2.0",
                "php": ">=5.4.0"
            },
            "type": "contao-module",
            "extra": {
                "contao": {
                    "sources": {
                        "src": "system/modules/comments"
                    }
                }
            },
            "autoload": {
                "classmap": [
                    "src/classes/",
                    "src/elements/",
                    "src/models/",
                    "src/modules/"
                ]
            },
            "notification-url": "https://packagist.org/downloads/",
            "license": [
                "LGPL-3.0+"
            ],
            "authors": [
                {
                    "name": "Leo Feyer",
                    "homepage": "https://github.com/leofeyer"
                }
            ],
            "description": "Contao 4 comments module",
            "time": "2014-06-14 17:36:21"
        },
        {
            "name": "contao/module-core",
            "version": "dev-develop",
            "source": {
                "type": "git",
                "url": "https://github.com/contao/module-core.git",
                "reference": "97c3a97da4905788e089e8768eac2d082d66f67a"
            },
            "dist": {
                "type": "zip",
                "url": "https://api.github.com/repos/contao/module-core/zipball/97c3a97da4905788e089e8768eac2d082d66f67a",
                "reference": "97c3a97da4905788e089e8768eac2d082d66f67a",
                "shasum": ""
            },
            "require": {
                "contao-community-alliance/composer-plugin": "~2.0",
                "php": ">=5.4.0"
            },
            "type": "contao-module",
            "extra": {
                "contao": {
                    "sources": {
                        "src": "system/modules/core"
                    }
                }
            },
            "autoload": {
                "classmap": [
                    "src/classes/",
                    "src/controllers/",
                    "src/drivers/",
                    "src/elements/",
                    "src/forms/",
                    "src/hybrids/",
                    "src/maintenance/",
                    "src/models/",
                    "src/modules/",
                    "src/pages/",
                    "src/uploader/",
                    "src/widgets/"
                ]
            },
            "notification-url": "https://packagist.org/downloads/",
            "license": [
                "LGPL-3.0+"
            ],
            "authors": [
                {
                    "name": "Leo Feyer",
                    "homepage": "https://github.com/leofeyer"
                }
            ],
            "description": "Contao 4 core module",
            "time": "2014-06-16 10:13:06"
        },
        {
            "name": "contao/module-devtools",
            "version": "dev-develop",
            "source": {
                "type": "git",
                "url": "https://github.com/contao/module-devtools.git",
                "reference": "422fd2825162659ab0a0759971b1a8e9a33eeee6"
            },
            "dist": {
                "type": "zip",
                "url": "https://api.github.com/repos/contao/module-devtools/zipball/422fd2825162659ab0a0759971b1a8e9a33eeee6",
                "reference": "422fd2825162659ab0a0759971b1a8e9a33eeee6",
                "shasum": ""
            },
            "require": {
                "contao-community-alliance/composer-plugin": "~2.0",
                "php": ">=5.4.0"
            },
            "type": "contao-module",
            "extra": {
                "contao": {
                    "sources": {
                        "src": "system/modules/devtools"
                    }
                }
            },
            "autoload": {
                "classmap": [
                    "src/modules/"
                ]
            },
            "notification-url": "https://packagist.org/downloads/",
            "license": [
                "LGPL-3.0+"
            ],
            "authors": [
                {
                    "name": "Leo Feyer",
                    "homepage": "https://github.com/leofeyer"
                }
            ],
            "description": "Contao 4 devtools module",
            "time": "2014-06-15 18:08:35"
        },
        {
            "name": "contao/module-faq",
            "version": "dev-develop",
            "source": {
                "type": "git",
                "url": "https://github.com/contao/module-faq.git",
                "reference": "da94ac41416019240ea256e5cbf1fc42fdf8eb96"
            },
            "dist": {
                "type": "zip",
                "url": "https://api.github.com/repos/contao/module-faq/zipball/da94ac41416019240ea256e5cbf1fc42fdf8eb96",
                "reference": "da94ac41416019240ea256e5cbf1fc42fdf8eb96",
                "shasum": ""
            },
            "require": {
                "contao-community-alliance/composer-plugin": "~2.0",
                "php": ">=5.4.0"
            },
            "type": "contao-module",
            "extra": {
                "contao": {
                    "sources": {
                        "src": "system/modules/faq"
                    }
                }
            },
            "autoload": {
                "classmap": [
                    "src/models/",
                    "src/modules/"
                ]
            },
            "notification-url": "https://packagist.org/downloads/",
            "license": [
                "LGPL-3.0+"
            ],
            "authors": [
                {
                    "name": "Leo Feyer",
                    "homepage": "https://github.com/leofeyer"
                }
            ],
            "description": "Contao 4 FAQ module",
            "time": "2014-06-15 18:09:56"
        },
        {
            "name": "contao/module-listing",
            "version": "dev-develop",
            "source": {
                "type": "git",
                "url": "https://github.com/contao/module-listing.git",
                "reference": "89f357c196645a8ef1ed37ab2416cbae633e9535"
            },
            "dist": {
                "type": "zip",
                "url": "https://api.github.com/repos/contao/module-listing/zipball/89f357c196645a8ef1ed37ab2416cbae633e9535",
                "reference": "89f357c196645a8ef1ed37ab2416cbae633e9535",
                "shasum": ""
            },
            "require": {
                "contao-community-alliance/composer-plugin": "~2.0",
                "php": ">=5.4.0"
            },
            "type": "contao-module",
            "extra": {
                "contao": {
                    "sources": {
                        "src": "system/modules/listing"
                    }
                }
            },
            "notification-url": "https://packagist.org/downloads/",
            "license": [
                "LGPL-3.0+"
            ],
            "authors": [
                {
                    "name": "Leo Feyer",
                    "homepage": "https://github.com/leofeyer"
                }
            ],
            "description": "Contao 4 listing module",
            "time": "2014-06-15 18:10:49"
        },
        {
            "name": "contao/module-news",
            "version": "dev-develop",
            "source": {
                "type": "git",
                "url": "https://github.com/contao/module-news.git",
                "reference": "2a364dbb201f079b0470c5f543ac4d98024b02ca"
            },
            "dist": {
                "type": "zip",
                "url": "https://api.github.com/repos/contao/module-news/zipball/2a364dbb201f079b0470c5f543ac4d98024b02ca",
                "reference": "2a364dbb201f079b0470c5f543ac4d98024b02ca",
                "shasum": ""
            },
            "require": {
                "contao-community-alliance/composer-plugin": "~2.0",
                "php": ">=5.4.0"
            },
            "type": "contao-module",
            "extra": {
                "contao": {
                    "sources": {
                        "src": "system/modules/news"
                    }
                }
            },
            "autoload": {
                "classmap": [
                    "src/classes/",
                    "src/models/",
                    "src/modules/"
                ]
            },
            "notification-url": "https://packagist.org/downloads/",
            "license": [
                "LGPL-3.0+"
            ],
            "authors": [
                {
                    "name": "Leo Feyer",
                    "homepage": "https://github.com/leofeyer"
                }
            ],
            "description": "Contao 4 news module",
            "time": "2014-06-15 18:12:20"
        },
        {
            "name": "contao/module-newsletter",
            "version": "dev-develop",
            "source": {
                "type": "git",
                "url": "https://github.com/contao/module-newsletter.git",
                "reference": "ea7ec3a3275b8f6e80fee608517dbc5ca773439c"
            },
            "dist": {
                "type": "zip",
                "url": "https://api.github.com/repos/contao/module-newsletter/zipball/ea7ec3a3275b8f6e80fee608517dbc5ca773439c",
                "reference": "ea7ec3a3275b8f6e80fee608517dbc5ca773439c",
                "shasum": ""
            },
            "require": {
                "contao-community-alliance/composer-plugin": "~2.0",
                "php": ">=5.4.0"
            },
            "type": "contao-module",
            "extra": {
                "contao": {
                    "sources": {
                        "src": "system/modules/newsletter"
                    }
                }
            },
            "autoload": {
                "classmap": [
                    "src/classes/",
                    "src/models/",
                    "src/modules/"
                ]
            },
            "notification-url": "https://packagist.org/downloads/",
            "license": [
                "LGPL-3.0+"
            ],
            "authors": [
                {
                    "name": "Leo Feyer",
                    "homepage": "https://github.com/leofeyer"
                }
            ],
            "description": "Contao 4 newsletter module",
            "time": "2014-06-15 18:13:47"
        },
        {
            "name": "contao/module-repository",
            "version": "dev-develop",
            "source": {
                "type": "git",
                "url": "https://github.com/contao/module-repository.git",
                "reference": "a6580369214d35ab64a767c0364f9f8f0692417c"
            },
            "dist": {
                "type": "zip",
                "url": "https://api.github.com/repos/contao/module-repository/zipball/a6580369214d35ab64a767c0364f9f8f0692417c",
                "reference": "a6580369214d35ab64a767c0364f9f8f0692417c",
                "shasum": ""
            },
            "require": {
                "contao-community-alliance/composer-plugin": "~2.0",
                "php": ">=5.4.0"
            },
            "type": "contao-module",
            "extra": {
                "contao": {
                    "sources": {
                        "src": "system/modules/repository"
                    }
                }
            },
            "notification-url": "https://packagist.org/downloads/",
            "license": [
                "LGPL-3.0+"
            ],
            "authors": [
                {
                    "name": "Leo Feyer",
                    "homepage": "https://github.com/leofeyer"
                }
            ],
            "description": "Contao 4 repository module",
            "time": "2014-06-15 17:04:36"
        },
        {
            "name": "contao/php-diff",
            "version": "dev-master",
            "source": {
                "type": "git",
                "url": "https://github.com/contao/php-diff.git",
                "reference": "9928f73548f26c4b8627d78a3722e52f63efadbd"
            },
            "dist": {
                "type": "zip",
                "url": "https://api.github.com/repos/contao/php-diff/zipball/9928f73548f26c4b8627d78a3722e52f63efadbd",
                "reference": "9928f73548f26c4b8627d78a3722e52f63efadbd",
                "shasum": ""
            },
            "type": "library",
            "autoload": {
                "psr-0": {
                    "Diff": "lib/"
                }
            },
            "notification-url": "https://packagist.org/downloads/",
            "license": [
                "BSD-3-Clause"
            ],
            "authors": [
                {
                    "name": "Leo Feyer",
                    "homepage": "https://github.com/leofeyer"
                }
            ],
            "description": "A comprehensive library for generating differences between two hashable objects (strings or arrays).",
            "time": "2014-05-17 19:04:01"
        },
        {
            "name": "contao/tcpdf",
            "version": "dev-master",
            "source": {
                "type": "git",
                "url": "https://github.com/contao/tcpdf.git",
                "reference": "d0a2b268fe5b4d826ac09ff58b329547fda61198"
            },
            "dist": {
                "type": "zip",
                "url": "https://api.github.com/repos/contao/tcpdf/zipball/d0a2b268fe5b4d826ac09ff58b329547fda61198",
                "reference": "d0a2b268fe5b4d826ac09ff58b329547fda61198",
                "shasum": ""
            },
            "require": {
                "php": ">=5.3.0"
            },
            "type": "library",
            "autoload": {
                "classmap": [
                    "fonts/",
                    "config/",
                    "include/",
                    "tcpdf.php",
                    "tcpdf_parser.php",
                    "tcpdf_import.php",
                    "tcpdf_barcodes_1d.php",
                    "tcpdf_barcodes_2d.php",
                    "include/tcpdf_colors.php",
                    "include/tcpdf_filters.php",
                    "include/tcpdf_font_data.php",
                    "include/tcpdf_fonts.php",
                    "include/tcpdf_images.php",
                    "include/tcpdf_static.php",
                    "include/barcodes/datamatrix.php",
                    "include/barcodes/pdf417.php",
                    "include/barcodes/qrcode.php"
                ]
            },
            "notification-url": "https://packagist.org/downloads/",
            "license": [
                "LGPLv3"
            ],
            "authors": [
                {
                    "name": "Leo Feyer",
                    "homepage": "https://github.com/leofeyer"
                }
            ],
            "description": "TCPDF is a PHP class for generating PDF documents.",
            "time": "2014-06-14 17:40:58"
        },
        {
            "name": "leafo/lessphp",
            "version": "v0.4.0",
            "source": {
                "type": "git",
                "url": "https://github.com/leafo/lessphp.git",
                "reference": "51f3f06f0fe78a722dabfd14578444bdd078d9de"
            },
            "dist": {
                "type": "zip",
                "url": "https://api.github.com/repos/leafo/lessphp/zipball/51f3f06f0fe78a722dabfd14578444bdd078d9de",
                "reference": "51f3f06f0fe78a722dabfd14578444bdd078d9de",
                "shasum": ""
            },
            "type": "library",
            "extra": {
                "branch-alias": {
                    "dev-master": "0.3-dev"
                }
            },
            "autoload": {
                "classmap": [
                    "lessc.inc.php"
                ]
            },
            "notification-url": "https://packagist.org/downloads/",
            "license": [
                "MIT",
                "GPL-3.0"
            ],
            "authors": [
                {
                    "name": "Leaf Corcoran",
                    "email": "leafot@gmail.com",
                    "homepage": "http://leafo.net"
                }
            ],
            "description": "lessphp is a compiler for LESS written in PHP.",
            "homepage": "http://leafo.net/lessphp/",
            "time": "2013-08-09 17:09:19"
        },
        {
            "name": "leafo/scssphp",
            "version": "dev-master",
            "source": {
                "type": "git",
                "url": "https://github.com/leafo/scssphp.git",
                "reference": "8c4374574fbe39615754f6eed7ebb93882282d62"
            },
            "dist": {
                "type": "zip",
                "url": "https://api.github.com/repos/leafo/scssphp/zipball/8c4374574fbe39615754f6eed7ebb93882282d62",
                "reference": "8c4374574fbe39615754f6eed7ebb93882282d62",
                "shasum": ""
            },
            "require": {
                "php": ">=5.2.0"
            },
            "require-dev": {
                "php": ">=5.3.0",
                "phpunit/phpunit": "3.7.*"
            },
            "bin": [
                "pscss"
            ],
            "type": "library",
            "autoload": {
                "classmap": [
                    "scss.inc.php"
                ]
            },
            "notification-url": "https://packagist.org/downloads/",
            "license": [
                "MIT",
                "GPL-3.0"
            ],
            "authors": [
                {
                    "name": "Leaf Corcoran",
                    "email": "leafot@gmail.com",
                    "homepage": "http://leafo.net"
                }
            ],
            "description": "scssphp is a compiler for SCSS written in PHP.",
            "homepage": "http://leafo.net/scssphp/",
            "time": "2014-05-09 00:07:45"
        },
        {
            "name": "leafo/scssphp-compass",
            "version": "dev-master",
            "source": {
                "type": "git",
                "url": "https://github.com/leafo/scssphp-compass.git",
                "reference": "f1631ddb17731326863954d99b39694f0bbed6ec"
            },
            "dist": {
                "type": "zip",
                "url": "https://api.github.com/repos/leafo/scssphp-compass/zipball/f1631ddb17731326863954d99b39694f0bbed6ec",
                "reference": "f1631ddb17731326863954d99b39694f0bbed6ec",
                "shasum": ""
            },
            "require": {
                "leafo/scssphp": "dev-master"
            },
            "type": "library",
            "autoload": {
                "classmap": [
                    "compass.inc.php"
                ]
            },
            "notification-url": "https://packagist.org/downloads/",
            "authors": [
                {
                    "name": "Leaf Corcoran",
                    "email": "leafot@gmail.com",
                    "homepage": "http://leafo.net"
                }
            ],
            "description": "Compass for scssphp",
            "homepage": "http://leafo.net/scssphp/",
            "time": "2012-08-02 02:04:32"
        },
        {
            "name": "michelf/php-markdown",
            "version": "1.4.1",
            "source": {
                "type": "git",
                "url": "https://github.com/michelf/php-markdown.git",
                "reference": "de9a19c7bf352d41cc99ed86c3c0ef17e87394b6"
            },
            "dist": {
                "type": "zip",
                "url": "https://api.github.com/repos/michelf/php-markdown/zipball/de9a19c7bf352d41cc99ed86c3c0ef17e87394b6",
                "reference": "de9a19c7bf352d41cc99ed86c3c0ef17e87394b6",
                "shasum": ""
            },
            "require": {
                "php": ">=5.3.0"
            },
            "type": "library",
            "extra": {
                "branch-alias": {
                    "dev-lib": "1.4.x-dev"
                }
            },
            "autoload": {
                "psr-0": {
                    "Michelf": ""
                }
            },
            "notification-url": "https://packagist.org/downloads/",
            "license": [
                "BSD-3-Clause"
            ],
            "authors": [
                {
                    "name": "Michel Fortin",
                    "email": "michel.fortin@michelf.ca",
                    "homepage": "http://michelf.ca/",
                    "role": "Developer"
                },
                {
                    "name": "John Gruber",
                    "homepage": "http://daringfireball.net/"
                }
            ],
            "description": "PHP Markdown",
            "homepage": "http://michelf.ca/projects/php-markdown/",
            "keywords": [
                "markdown"
            ],
            "time": "2014-05-05 02:43:50"
        },
        {
            "name": "simplepie/simplepie",
            "version": "1.3.1",
            "source": {
                "type": "git",
                "url": "https://github.com/simplepie/simplepie.git",
                "reference": "ce53709778bc1e2e4deda1651b66e5081398d5cc"
            },
            "dist": {
                "type": "zip",
                "url": "https://api.github.com/repos/simplepie/simplepie/zipball/ce53709778bc1e2e4deda1651b66e5081398d5cc",
                "reference": "ce53709778bc1e2e4deda1651b66e5081398d5cc",
                "shasum": ""
            },
            "require": {
                "php": ">=5.2.0"
            },
            "type": "library",
            "autoload": {
                "psr-0": {
                    "SimplePie": "library"
                }
            },
            "notification-url": "https://packagist.org/downloads/",
            "license": [
                "BSD-3-Clause"
            ],
            "authors": [
                {
                    "name": "Ryan Parman",
                    "homepage": "http://ryanparman.com/",
                    "role": "Creator, alumnus developer"
                },
                {
                    "name": "Geoffrey Sneddon",
                    "homepage": "http://gsnedders.com/",
                    "role": "Alumnus developer"
                },
                {
                    "name": "Ryan McCue",
                    "email": "me@ryanmccue.info",
                    "homepage": "http://ryanmccue.info/",
                    "role": "Developer"
                }
            ],
            "description": "A simple Atom/RSS parsing library for PHP",
            "homepage": "http://simplepie.org/",
            "keywords": [
                "atom",
                "feeds",
                "rss"
            ],
            "time": "2012-10-30 17:54:03"
        },
        {
            "name": "swiftmailer/swiftmailer",
            "version": "v4.3.1",
            "source": {
                "type": "git",
                "url": "https://github.com/swiftmailer/swiftmailer.git",
                "reference": "ae540bed1079c07aa12e9e62d9d8d4fc49bbdff2"
            },
            "dist": {
                "type": "zip",
                "url": "https://api.github.com/repos/swiftmailer/swiftmailer/zipball/ae540bed1079c07aa12e9e62d9d8d4fc49bbdff2",
                "reference": "ae540bed1079c07aa12e9e62d9d8d4fc49bbdff2",
                "shasum": ""
            },
            "require": {
                "php": ">=5.2.4"
            },
            "type": "library",
            "extra": {
                "branch-alias": {
                    "dev-master": "4.3-dev"
                }
            },
            "autoload": {
                "files": [
                    "lib/swift_required.php"
                ]
            },
            "notification-url": "https://packagist.org/downloads/",
            "license": [
                "LGPL"
            ],
            "authors": [
                {
                    "name": "Fabien Potencier",
                    "email": "fabien@symfony.com",
                    "homepage": "http://fabien.potencier.org",
                    "role": "Lead Developer"
                },
                {
                    "name": "Chris Corbyn"
                }
            ],
            "description": "Swiftmailer, free feature-rich PHP mailer",
            "homepage": "http://swiftmailer.org",
            "keywords": [
                "mail",
                "mailer"
            ],
            "time": "2013-04-11 10:22:09"
        }
    ],
    "packages-dev": [],
    "aliases": [],
    "minimum-stability": "stable",
    "stability-flags": {
        "contao/idna": 20,
        "contao/php-diff": 20,
        "contao/tcpdf": 20,
        "contao/contao-library": 20,
        "contao/module-calendar": 20,
        "contao/module-comments": 20,
        "contao/module-core": 20,
        "contao/module-devtools": 20,
        "contao/module-faq": 20,
        "contao/module-listing": 20,
        "contao/module-news": 20,
        "contao/module-newsletter": 20,
        "contao/module-repository": 20,
        "leafo/scssphp": 20,
        "leafo/scssphp-compass": 20
    },
    "platform": {
        "php": ">=5.4.0"
    },
    "platform-dev": []
}
